
Microsoft Visual Studio Solution File, Format Version 12.00
# Visual Studio Version 17
VisualStudioVersion = 17.7.34221.43
MinimumVisualStudioVersion = 10.0.40219.1
Project("{2150E333-8FDC-42A3-9474-1A3956D46DE8}") = "src", "src", "{B2EC0433-0213-4DA9-BC5E-04FE1B243C87}"
EndProject
Project("{2150E333-8FDC-42A3-9474-1A3956D46DE8}") = "test", "test", "{0B0DDA53-0FB3-422F-889C-ED10E086DCE5}"
EndProject
Project("{FAE04EC0-301F-11D3-BF4B-00C04F79EFBC}") = "ATCP.IPS.MS.Aguilar.Api", "ATCP.IPS.MS.Aguilar.Api\ATCP.IPS.MS.Aguilar.Api.csproj", "{48481360-9BD3-4C0D-88BE-883D137495DE}"
EndProject
Project("{FAE04EC0-301F-11D3-BF4B-00C04F79EFBC}") = "ATCP.IPS.MS.Aguilar.Core", "ATCP.IPS.MS.Aguilar.Core\ATCP.IPS.MS.Aguilar.Core.csproj", "{B93DB4B8-69BA-439B-A923-4703C167E456}"
EndProject
Project("{FAE04EC0-301F-11D3-BF4B-00C04F79EFBC}") = "ATCP.IPS.MS.Aguilar.Model", "ATCP.IPS.MS.Aguilar.Model\ATCP.IPS.MS.Aguilar.Model.csproj", "{0654DB80-C780-46AF-B883-C05E273E8BE4}"
EndProject
Project("{FAE04EC0-301F-11D3-BF4B-00C04F79EFBC}") = "ATCP.IPS.MS.Aguilar.Repository", "ATCP.IPS.MS.Aguilar.Repository\ATCP.IPS.MS.Aguilar.Repository.csproj", "{2770EA20-E6A4-4169-98BC-5300A5452972}"
EndProject
Project("{00D1A9C2-B5F0-4AF3-8072-F6C62B433612}") = "ATCP.IPS.MS.Aguilar.Database", "ATCP.IPS.MS.Aguilar.Database\ATCP.IPS.MS.Aguilar.Database.sqlproj", "{2AA1E4E7-6DA3-43F3-A84C-FCC604C01A95}"
EndProject
Project("{FAE04EC0-301F-11D3-BF4B-00C04F79EFBC}") = "ATCP.IPS.MS.Aguilar.UnitTest", "ATCP.IPS.MS.Aguilar.UnitTest\ATCP.IPS.MS.Aguilar.UnitTest.csproj", "{A7516C81-DB14-48D5-B13F-2C53C73E4565}"
EndProject
Project("{FAE04EC0-301F-11D3-BF4B-00C04F79EFBC}") = "ATCP.IPS.MS.Aguilar.WebApp", "ATCP.IPS.MS.Aguilar.WebApp\ATCP.IPS.MS.Aguilar.WebApp.csproj", "{A6D684B2-C9AF-41C5-8207-EC9618226C17}"
EndProject
Global
	GlobalSection(SolutionConfigurationPlatforms) = preSolution
		Debug|Any CPU = Debug|Any CPU
		Release|Any CPU = Release|Any CPU
	EndGlobalSection
	GlobalSection(ProjectConfigurationPlatforms) = postSolution
		{48481360-9BD3-4C0D-88BE-883D137495DE}.Debug|Any CPU.ActiveCfg = Debug|Any CPU
		{48481360-9BD3-4C0D-88BE-883D137495DE}.Debug|Any CPU.Build.0 = Debug|Any CPU
		{48481360-9BD3-4C0D-88BE-883D137495DE}.Release|Any CPU.ActiveCfg = Release|Any CPU
		{48481360-9BD3-4C0D-88BE-883D137495DE}.Release|Any CPU.Build.0 = Release|Any CPU
		{B93DB4B8-69BA-439B-A923-4703C167E456}.Debug|Any CPU.ActiveCfg = Debug|Any CPU
		{B93DB4B8-69BA-439B-A923-4703C167E456}.Debug|Any CPU.Build.0 = Debug|Any CPU
		{B93DB4B8-69BA-439B-A923-4703C167E456}.Release|Any CPU.ActiveCfg = Release|Any CPU
		{B93DB4B8-69BA-439B-A923-4703C167E456}.Release|Any CPU.Build.0 = Release|Any CPU
		{0654DB80-C780-46AF-B883-C05E273E8BE4}.Debug|Any CPU.ActiveCfg = Debug|Any CPU
		{0654DB80-C780-46AF-B883-C05E273E8BE4}.Debug|Any CPU.Build.0 = Debug|Any CPU
		{0654DB80-C780-46AF-B883-C05E273E8BE4}.Release|Any CPU.ActiveCfg = Release|Any CPU
		{0654DB80-C780-46AF-B883-C05E273E8BE4}.Release|Any CPU.Build.0 = Release|Any CPU
		{2770EA20-E6A4-4169-98BC-5300A5452972}.Debug|Any CPU.ActiveCfg = Debug|Any CPU
		{2770EA20-E6A4-4169-98BC-5300A5452972}.Debug|Any CPU.Build.0 = Debug|Any CPU
		{2770EA20-E6A4-4169-98BC-5300A5452972}.Release|Any CPU.ActiveCfg = Release|Any CPU
		{2770EA20-E6A4-4169-98BC-5300A5452972}.Release|Any CPU.Build.0 = Release|Any CPU
		{2AA1E4E7-6DA3-43F3-A84C-FCC604C01A95}.Debug|Any CPU.ActiveCfg = Debug|Any CPU
		{2AA1E4E7-6DA3-43F3-A84C-FCC604C01A95}.Debug|Any CPU.Build.0 = Debug|Any CPU
		{2AA1E4E7-6DA3-43F3-A84C-FCC604C01A95}.Debug|Any CPU.Deploy.0 = Debug|Any CPU
		{2AA1E4E7-6DA3-43F3-A84C-FCC604C01A95}.Release|Any CPU.ActiveCfg = Release|Any CPU
		{2AA1E4E7-6DA3-43F3-A84C-FCC604C01A95}.Release|Any CPU.Build.0 = Release|Any CPU
		{2AA1E4E7-6DA3-43F3-A84C-FCC604C01A95}.Release|Any CPU.Deploy.0 = Release|Any CPU
		{A7516C81-DB14-48D5-B13F-2C53C73E4565}.Debug|Any CPU.ActiveCfg = Debug|Any CPU
		{A7516C81-DB14-48D5-B13F-2C53C73E4565}.Debug|Any CPU.Build.0 = Debug|Any CPU
		{A7516C81-DB14-48D5-B13F-2C53C73E4565}.Release|Any CPU.ActiveCfg = Release|Any CPU
		{A7516C81-DB14-48D5-B13F-2C53C73E4565}.Release|Any CPU.Build.0 = Release|Any CPU
		{A6D684B2-C9AF-41C5-8207-EC9618226C17}.Debug|Any CPU.ActiveCfg = Debug|Any CPU
		{A6D684B2-C9AF-41C5-8207-EC9618226C17}.Debug|Any CPU.Build.0 = Debug|Any CPU
		{A6D684B2-C9AF-41C5-8207-EC9618226C17}.Release|Any CPU.ActiveCfg = Release|Any CPU
		{A6D684B2-C9AF-41C5-8207-EC9618226C17}.Release|Any CPU.Build.0 = Release|Any CPU
	EndGlobalSection
	GlobalSection(SolutionProperties) = preSolution
		HideSolutionNode = FALSE
	EndGlobalSection
	GlobalSection(NestedProjects) = preSolution
		{48481360-9BD3-4C0D-88BE-883D137495DE} = {B2EC0433-0213-4DA9-BC5E-04FE1B243C87}
		{B93DB4B8-69BA-439B-A923-4703C167E456} = {B2EC0433-0213-4DA9-BC5E-04FE1B243C87}
		{0654DB80-C780-46AF-B883-C05E273E8BE4} = {B2EC0433-0213-4DA9-BC5E-04FE1B243C87}
		{2770EA20-E6A4-4169-98BC-5300A5452972} = {B2EC0433-0213-4DA9-BC5E-04FE1B243C87}
		{2AA1E4E7-6DA3-43F3-A84C-FCC604C01A95} = {B2EC0433-0213-4DA9-BC5E-04FE1B243C87}
		{A7516C81-DB14-48D5-B13F-2C53C73E4565} = {0B0DDA53-0FB3-422F-889C-ED10E086DCE5}
		{A6D684B2-C9AF-41C5-8207-EC9618226C17} = {B2EC0433-0213-4DA9-BC5E-04FE1B243C87}
	EndGlobalSection
	GlobalSection(ExtensibilityGlobals) = postSolution
		SolutionGuid = {D5EEC307-C4EB-4D52-A014-0B073C71B333}
	EndGlobalSection
EndGlobal
